<?xml version="1.0" encoding="utf-8"?>
<Project ToolsVersion="4.0" xmlns="http://schemas.microsoft.com/developer/msbuild/2003">
  <ItemGroup>
    <Filter Include="app001_simple_polygon">
      <UniqueIdentifier>{d2a38bbe-708d-406a-84bc-c9b3dbb0bb1e}</UniqueIdentifier>
    </Filter>
    <Filter Include="app000_clear_color">
      <UniqueIdentifier>{59e9ee47-3d7d-4a61-afee-9aa20fa6e148}</UniqueIdentifier>
    </Filter>
    <Filter Include="shaders">
      <UniqueIdentifier>{c48b040d-7a6f-45c5-b33c-d153bcd38376}</UniqueIdentifier>
    </Filter>
    <Filter Include="app002_texture">
      <UniqueIdentifier>{300cd5fb-c511-447a-8283-308546cbac81}</UniqueIdentifier>
    </Filter>
    <Filter Include="app003_compute">
      <UniqueIdentifier>{0fa102a4-637b-4268-9536-7c6a44e3a5bc}</UniqueIdentifier>
    </Filter>
    <Filter Include="app004_renderer">
      <UniqueIdentifier>{cb73b6cc-3df4-4f08-890a-a4ce95de6530}</UniqueIdentifier>
    </Filter>
    <Filter Include="app005_raytracing_in_one_weekend">
      <UniqueIdentifier>{2012ac2b-ebdc-4197-a4ae-4ef2a24c2967}</UniqueIdentifier>
    </Filter>
  </ItemGroup>
  <ItemGroup>
    <ClCompile Include="main.cpp" />
    <ClCompile Include="app000_clear_color\pipeline_000.cpp">
      <Filter>app000_clear_color</Filter>
    </ClCompile>
    <ClCompile Include="app001_simple_polygon\pipeline_001.cpp">
      <Filter>app001_simple_polygon</Filter>
    </ClCompile>
    <ClCompile Include="app002_texture\pipeline_002.cpp">
      <Filter>app002_texture</Filter>
    </ClCompile>
    <ClCompile Include="app002_texture\app_002.cpp">
      <Filter>app002_texture</Filter>
    </ClCompile>
    <ClCompile Include="app003_compute\pipeline_003.cpp">
      <Filter>app003_compute</Filter>
    </ClCompile>
    <ClCompile Include="app004_renderer\app_004.cpp">
      <Filter>app004_renderer</Filter>
    </ClCompile>
    <ClCompile Include="app004_renderer\pipeline_004.cpp">
      <Filter>app004_renderer</Filter>
    </ClCompile>
    <ClCompile Include="app005_raytracing_in_one_weekend\pipeline_005.cpp">
      <Filter>app005_raytracing_in_one_weekend</Filter>
    </ClCompile>
  </ItemGroup>
  <ItemGroup>
    <ClInclude Include="app000_clear_color\pipeline_000.h">
      <Filter>app000_clear_color</Filter>
    </ClInclude>
    <ClInclude Include="app001_simple_polygon\pipeline_001.h">
      <Filter>app001_simple_polygon</Filter>
    </ClInclude>
    <ClInclude Include="app002_texture\pipeline_002.h">
      <Filter>app002_texture</Filter>
    </ClInclude>
    <ClInclude Include="app002_texture\app_002.h">
      <Filter>app002_texture</Filter>
    </ClInclude>
    <ClInclude Include="app003_compute\pipeline_003.h">
      <Filter>app003_compute</Filter>
    </ClInclude>
    <ClInclude Include="app004_renderer\app_004.h">
      <Filter>app004_renderer</Filter>
    </ClInclude>
    <ClInclude Include="app004_renderer\pipeline_004.h">
      <Filter>app004_renderer</Filter>
    </ClInclude>
    <ClInclude Include="app005_raytracing_in_one_weekend\pipeline_005.h">
      <Filter>app005_raytracing_in_one_weekend</Filter>
    </ClInclude>
  </ItemGroup>
  <ItemGroup>
    <CustomBuild Include="shaders\color.hlsl">
      <Filter>shaders</Filter>
    </CustomBuild>
    <CustomBuild Include="shaders\texture.hlsl">
      <Filter>shaders</Filter>
    </CustomBuild>
    <CustomBuild Include="shaders\lambert.hlsl">
      <Filter>shaders</Filter>
    </CustomBuild>
    <CustomBuild Include="shaders\copy_texture_cs.hlsl">
      <Filter>shaders</Filter>
    </CustomBuild>
    <CustomBuild Include="shaders\ibl_lut_cs.hlsl">
      <Filter>shaders</Filter>
    </CustomBuild>
    <CustomBuild Include="shaders\raytracing_in_one_weekend.hlsl">
      <Filter>shaders</Filter>
    </CustomBuild>
  </ItemGroup>
</Project>